
Microsoft Visual Studio Solution File, Format Version 12.00
# Visual Studio 14
VisualStudioVersion = 14.0.25420.1
MinimumVisualStudioVersion = 10.0.40219.1
Project("{FAE04EC0-301F-11D3-BF4B-00C04F79EFBC}") = "Roaster-Client", "Roaster-Client\Roaster-Client.csproj", "{A8CA25FD-6C6D-4696-B0F4-DAFE854C9FC2}"
EndProject
Project("{FAE04EC0-301F-11D3-BF4B-00C04F79EFBC}") = "Roaster-Server", "Roaster-Server\Roaster-Server.csproj", "{376769C6-7F68-4B7A-8987-05CC5B6B4D02}"
EndProject
Global
	GlobalSection(SolutionConfigurationPlatforms) = preSolution
		Debug|ARM = Debug|ARM
		Debug|x64 = Debug|x64
		Debug|x86 = Debug|x86
		Release|ARM = Release|ARM
		Release|x64 = Release|x64
		Release|x86 = Release|x86
	EndGlobalSection
	GlobalSection(ProjectConfigurationPlatforms) = postSolution
		{A8CA25FD-6C6D-4696-B0F4-DAFE854C9FC2}.Debug|ARM.ActiveCfg = Debug|ARM
		{A8CA25FD-6C6D-4696-B0F4-DAFE854C9FC2}.Debug|ARM.Build.0 = Debug|ARM
		{A8CA25FD-6C6D-4696-B0F4-DAFE854C9FC2}.Debug|ARM.Deploy.0 = Debug|ARM
		{A8CA25FD-6C6D-4696-B0F4-DAFE854C9FC2}.Debug|x64.ActiveCfg = Debug|x64
		{A8CA25FD-6C6D-4696-B0F4-DAFE854C9FC2}.Debug|x64.Build.0 = Debug|x64
		{A8CA25FD-6C6D-4696-B0F4-DAFE854C9FC2}.Debug|x64.Deploy.0 = Debug|x64
		{A8CA25FD-6C6D-4696-B0F4-DAFE854C9FC2}.Debug|x86.ActiveCfg = Debug|x86
		{A8CA25FD-6C6D-4696-B0F4-DAFE854C9FC2}.Debug|x86.Build.0 = Debug|x86
		{A8CA25FD-6C6D-4696-B0F4-DAFE854C9FC2}.Debug|x86.Deploy.0 = Debug|x86
		{A8CA25FD-6C6D-4696-B0F4-DAFE854C9FC2}.Release|ARM.ActiveCfg = Release|ARM
		{A8CA25FD-6C6D-4696-B0F4-DAFE854C9FC2}.Release|ARM.Build.0 = Release|ARM
		{A8CA25FD-6C6D-4696-B0F4-DAFE854C9FC2}.Release|ARM.Deploy.0 = Release|ARM
		{A8CA25FD-6C6D-4696-B0F4-DAFE854C9FC2}.Release|x64.ActiveCfg = Release|x64
		{A8CA25FD-6C6D-4696-B0F4-DAFE854C9FC2}.Release|x64.Build.0 = Release|x64
		{A8CA25FD-6C6D-4696-B0F4-DAFE854C9FC2}.Release|x64.Deploy.0 = Release|x64
		{A8CA25FD-6C6D-4696-B0F4-DAFE854C9FC2}.Release|x86.ActiveCfg = Release|x86
		{A8CA25FD-6C6D-4696-B0F4-DAFE854C9FC2}.Release|x86.Build.0 = Release|x86
		{A8CA25FD-6C6D-4696-B0F4-DAFE854C9FC2}.Release|x86.Deploy.0 = Release|x86
		{376769C6-7F68-4B7A-8987-05CC5B6B4D02}.Debug|ARM.ActiveCfg = Debug|ARM
		{376769C6-7F68-4B7A-8987-05CC5B6B4D02}.Debug|ARM.Build.0 = Debug|ARM
		{376769C6-7F68-4B7A-8987-05CC5B6B4D02}.Debug|ARM.Deploy.0 = Debug|ARM
		{376769C6-7F68-4B7A-8987-05CC5B6B4D02}.Debug|x64.ActiveCfg = Debug|x64
		{376769C6-7F68-4B7A-8987-05CC5B6B4D02}.Debug|x64.Build.0 = Debug|x64
		{376769C6-7F68-4B7A-8987-05CC5B6B4D02}.Debug|x64.Deploy.0 = Debug|x64
		{376769C6-7F68-4B7A-8987-05CC5B6B4D02}.Debug|x86.ActiveCfg = Debug|x86
		{376769C6-7F68-4B7A-8987-05CC5B6B4D02}.Debug|x86.Build.0 = Debug|x86
		{376769C6-7F68-4B7A-8987-05CC5B6B4D02}.Debug|x86.Deploy.0 = Debug|x86
		{376769C6-7F68-4B7A-8987-05CC5B6B4D02}.Release|ARM.ActiveCfg = Release|ARM
		{376769C6-7F68-4B7A-8987-05CC5B6B4D02}.Release|ARM.Build.0 = Release|ARM
		{376769C6-7F68-4B7A-8987-05CC5B6B4D02}.Release|ARM.Deploy.0 = Release|ARM
		{376769C6-7F68-4B7A-8987-05CC5B6B4D02}.Release|x64.ActiveCfg = Release|x64
		{376769C6-7F68-4B7A-8987-05CC5B6B4D02}.Release|x64.Build.0 = Release|x64
		{376769C6-7F68-4B7A-8987-05CC5B6B4D02}.Release|x64.Deploy.0 = Release|x64
		{376769C6-7F68-4B7A-8987-05CC5B6B4D02}.Release|x86.ActiveCfg = Release|x86
		{376769C6-7F68-4B7A-8987-05CC5B6B4D02}.Release|x86.Build.0 = Release|x86
		{376769C6-7F68-4B7A-8987-05CC5B6B4D02}.Release|x86.Deploy.0 = Release|x86
	EndGlobalSection
	GlobalSection(SolutionProperties) = preSolution
		HideSolutionNode = FALSE
	EndGlobalSection
EndGlobal
